// !$*UTF8*$!
{
	archiveVersion = 1;
	classes = {
	};
	objectVersion = 46;
	objects = {

/* Begin PBXBuildFile section */
		036325D417CDA67D0032E2A7 /* Foundation.framework in Frameworks */ = {isa = PBXBuildFile; fileRef = 036325D317CDA67D0032E2A7 /* Foundation.framework */; };
		036325D717CDA67D0032E2A7 /* main.m in Sources */ = {isa = PBXBuildFile; fileRef = 036325D617CDA67D0032E2A7 /* main.m */; };
		036325DB17CDA67D0032E2A7 /* __1CategoryDemo.1 in CopyFiles */ = {isa = PBXBuildFile; fileRef = 036325DA17CDA67D0032E2A7 /* __1CategoryDemo.1 */; };
		036325E317CDA6920032E2A7 /* Person.m in Sources */ = {isa = PBXBuildFile; fileRef = 036325E217CDA6920032E2A7 /* Person.m */; };
		036325E617CDA6CF0032E2A7 /* NSArray+Convert.m in Sources */ = {isa = PBXBuildFile; fileRef = 036325E517CDA6CF0032E2A7 /* NSArray+Convert.m */; };
		036325E917CDAB4C0032E2A7 /* Person+Test.m in Sources */ = {isa = PBXBuildFile; fileRef = 036325E817CDAB4C0032E2A7 /* Person+Test.m */; };
/* End PBXBuildFile section */

/* Begin PBXCopyFilesBuildPhase section */
		036325CE17CDA67D0032E2A7 /* CopyFiles */ = {
			isa = PBXCopyFilesBuildPhase;
			buildActionMask = 2147483647;
			dstPath = /usr/share/man/man1/;
			dstSubfolderSpec = 0;
			files = (
				036325DB17CDA67D0032E2A7 /* __1CategoryDemo.1 in CopyFiles */,
			);
			runOnlyForDeploymentPostprocessing = 1;
		};
/* End PBXCopyFilesBuildPhase section */

/* Begin PBXFileReference section */
		036325D017CDA67D0032E2A7 /* 5.1CategoryDemo */ = {isa = PBXFileReference; explicitFileType = "compiled.mach-o.executable"; includeInIndex = 0; path = 5.1CategoryDemo; sourceTree = BUILT_PRODUCTS_DIR; };
		036325D317CDA67D0032E2A7 /* Foundation.framework */ = {isa = PBXFileReference; lastKnownFileType = wrapper.framework; name = Foundation.framework; path = System/Library/Frameworks/Foundation.framework; sourceTree = SDKROOT; };
		036325D617CDA67D0032E2A7 /* main.m */ = {isa = PBXFileReference; lastKnownFileType = sourcecode.c.objc; path = main.m; sourceTree = "<group>"; };
		036325D917CDA67D0032E2A7 /* 5.1CategoryDemo-Prefix.pch */ = {isa = PBXFileReference; lastKnownFileType = sourcecode.c.h; path = "5.1CategoryDemo-Prefix.pch"; sourceTree = "<group>"; };
		036325DA17CDA67D0032E2A7 /* __1CategoryDemo.1 */ = {isa = PBXFileReference; lastKnownFileType = text.man; path = __1CategoryDemo.1; sourceTree = "<group>"; };
		036325E117CDA6920032E2A7 /* Person.h */ = {isa = PBXFileReference; fileEncoding = 4; lastKnownFileType = sourcecode.c.h; name = Person.h; path = ../Person.h; sourceTree = "<group>"; };
		036325E217CDA6920032E2A7 /* Person.m */ = {isa = PBXFileReference; fileEncoding = 4; lastKnownFileType = sourcecode.c.objc; name = Person.m; path = ../Person.m; sourceTree = "<group>"; };
		036325E417CDA6CF0032E2A7 /* NSArray+Convert.h */ = {isa = PBXFileReference; fileEncoding = 4; lastKnownFileType = sourcecode.c.h; name = "NSArray+Convert.h"; path = "../NSArray+Convert.h"; sourceTree = "<group>"; };
		036325E517CDA6CF0032E2A7 /* NSArray+Convert.m */ = {isa = PBXFileReference; fileEncoding = 4; lastKnownFileType = sourcecode.c.objc; name = "NSArray+Convert.m"; path = "../NSArray+Convert.m"; sourceTree = "<group>"; };
		036325E717CDAB4C0032E2A7 /* Person+Test.h */ = {isa = PBXFileReference; fileEncoding = 4; lastKnownFileType = sourcecode.c.h; path = "Person+Test.h"; sourceTree = "<group>"; };
		036325E817CDAB4C0032E2A7 /* Person+Test.m */ = {isa = PBXFileReference; fileEncoding = 4; lastKnownFileType = sourcecode.c.objc; path = "Person+Test.m"; sourceTree = "<group>"; };
/* End PBXFileReference section */

/* Begin PBXFrameworksBuildPhase section */
		036325CD17CDA67D0032E2A7 /* Frameworks */ = {
			isa = PBXFrameworksBuildPhase;
			buildActionMask = 2147483647;
			files = (
				036325D417CDA67D0032E2A7 /* Foundation.framework in Frameworks */,
			);
			runOnlyForDeploymentPostprocessing = 0;
		};
/* End PBXFrameworksBuildPhase section */

/* Begin PBXGroup section */
		036325C717CDA67D0032E2A7 = {
			isa = PBXGroup;
			children = (
				036325D517CDA67D0032E2A7 /* 5.1CategoryDemo */,
				036325D217CDA67D0032E2A7 /* Frameworks */,
				036325D117CDA67D0032E2A7 /* Products */,
			);
			sourceTree = "<group>";
		};
		036325D117CDA67D0032E2A7 /* Products */ = {
			isa = PBXGroup;
			children = (
				036325D017CDA67D0032E2A7 /* 5.1CategoryDemo */,
			);
			name = Products;
			sourceTree = "<group>";
		};
		036325D217CDA67D0032E2A7 /* Frameworks */ = {
			isa = PBXGroup;
			children = (
				036325D317CDA67D0032E2A7 /* Foundation.framework */,
			);
			name = Frameworks;
			sourceTree = "<group>";
		};
		036325D517CDA67D0032E2A7 /* 5.1CategoryDemo */ = {
			isa = PBXGroup;
			children = (
				036325E117CDA6920032E2A7 /* Person.h */,
				036325E217CDA6920032E2A7 /* Person.m */,
				036325E717CDAB4C0032E2A7 /* Person+Test.h */,
				036325E817CDAB4C0032E2A7 /* Person+Test.m */,
				036325E417CDA6CF0032E2A7 /* NSArray+Convert.h */,
				036325E517CDA6CF0032E2A7 /* NSArray+Convert.m */,
				036325D617CDA67D0032E2A7 /* main.m */,
				036325DA17CDA67D0032E2A7 /* __1CategoryDemo.1 */,
				036325D817CDA67D0032E2A7 /* Supporting Files */,
			);
			path = 5.1CategoryDemo;
			sourceTree = "<group>";
		};
		036325D817CDA67D0032E2A7 /* Supporting Files */ = {
			isa = PBXGroup;
			children = (
				036325D917CDA67D0032E2A7 /* 5.1CategoryDemo-Prefix.pch */,
			);
			name = "Supporting Files";
			sourceTree = "<group>";
		};
/* End PBXGroup section */

/* Begin PBXNativeTarget section */
		036325CF17CDA67D0032E2A7 /* 5.1CategoryDemo */ = {
			isa = PBXNativeTarget;
			buildConfigurationList = 036325DE17CDA67D0032E2A7 /* Build configuration list for PBXNativeTarget "5.1CategoryDemo" */;
			buildPhases = (
				036325CC17CDA67D0032E2A7 /* Sources */,
				036325CD17CDA67D0032E2A7 /* Frameworks */,
				036325CE17CDA67D0032E2A7 /* CopyFiles */,
			);
			buildRules = (
			);
			dependencies = (
			);
			name = 5.1CategoryDemo;
			productName = 5.1CategoryDemo;
			productReference = 036325D017CDA67D0032E2A7 /* 5.1CategoryDemo */;
			productType = "com.apple.product-type.tool";
		};
/* End PBXNativeTarget section */

/* Begin PBXProject section */
		036325C817CDA67D0032E2A7 /* Project object */ = {
			isa = PBXProject;
			attributes = {
				LastUpgradeCheck = 0460;
				ORGANIZATIONNAME = com.redianying;
			};
			buildConfigurationList = 036325CB17CDA67D0032E2A7 /* Build configuration list for PBXProject "5.1CategoryDemo" */;
			compatibilityVersion = "Xcode 3.2";
			developmentRegion = English;
			hasScannedForEncodings = 0;
			knownRegions = (
				en,
			);
			mainGroup = 036325C717CDA67D0032E2A7;
			productRefGroup = 036325D117CDA67D0032E2A7 /* Products */;
			projectDirPath = "";
			projectRoot = "";
			targets = (
				036325CF17CDA67D0032E2A7 /* 5.1CategoryDemo */,
			);
		};
/* End PBXProject section */

/* Begin PBXSourcesBuildPhase section */
		036325CC17CDA67D0032E2A7 /* Sources */ = {
			isa = PBXSourcesBuildPhase;
			buildActionMask = 2147483647;
			files = (
				036325D717CDA67D0032E2A7 /* main.m in Sources */,
				036325E317CDA6920032E2A7 /* Person.m in Sources */,
				036325E617CDA6CF0032E2A7 /* NSArray+Convert.m in Sources */,
				036325E917CDAB4C0032E2A7 /* Person+Test.m in Sources */,
			);
			runOnlyForDeploymentPostprocessing = 0;
		};
/* End PBXSourcesBuildPhase section */

/* Begin XCBuildConfiguration section */
		036325DC17CDA67D0032E2A7 /* Debug */ = {
			isa = XCBuildConfiguration;
			buildSettings = {
				ALWAYS_SEARCH_USER_PATHS = NO;
				ARCHS = "$(ARCHS_STANDARD_64_BIT)";
				CLANG_CXX_LANGUAGE_STANDARD = "gnu++0x";
				CLANG_CXX_LIBRARY = "libc++";
				CLANG_WARN_CONSTANT_CONVERSION = YES;
				CLANG_WARN_EMPTY_BODY = YES;
				CLANG_WARN_ENUM_CONVERSION = YES;
				CLANG_WARN_INT_CONVERSION = YES;
				CLANG_WARN__DUPLICATE_METHOD_MATCH = YES;
				COPY_PHASE_STRIP = NO;
				GCC_C_LANGUAGE_STANDARD = gnu99;
				GCC_DYNAMIC_NO_PIC = NO;
				GCC_ENABLE_OBJC_EXCEPTIONS = YES;
				GCC_OPTIMIZATION_LEVEL = 0;
				GCC_PREPROCESSOR_DEFINITIONS = (
					"DEBUG=1",
					"$(inherited)",
				);
				GCC_SYMBOLS_PRIVATE_EXTERN = NO;
				GCC_WARN_64_TO_32_BIT_CONVERSION = YES;
				GCC_WARN_ABOUT_RETURN_TYPE = YES;
				GCC_WARN_UNINITIALIZED_AUTOS = YES;
				GCC_WARN_UNUSED_VARIABLE = YES;
				MACOSX_DEPLOYMENT_TARGET = 10.8;
				ONLY_ACTIVE_ARCH = YES;
				SDKROOT = macosx;
			};
			name = Debug;
		};
		036325DD17CDA67D0032E2A7 /* Release */ = {
			isa = XCBuildConfiguration;
			buildSettings = {
				ALWAYS_SEARCH_USER_PATHS = NO;
				ARCHS = "$(ARCHS_STANDARD_64_BIT)";
				CLANG_CXX_LANGUAGE_STANDARD = "gnu++0x";
				CLANG_CXX_LIBRARY = "libc++";
				CLANG_WARN_CONSTANT_CONVERSION = YES;
				CLANG_WARN_EMPTY_BODY = YES;
				CLANG_WARN_ENUM_CONVERSION = YES;
				CLANG_WARN_INT_CONVERSION = YES;
				CLANG_WARN__DUPLICATE_METHOD_MATCH = YES;
				COPY_PHASE_STRIP = YES;
				DEBUG_INFORMATION_FORMAT = "dwarf-with-dsym";
				GCC_C_LANGUAGE_STANDARD = gnu99;
				GCC_ENABLE_OBJC_EXCEPTIONS = YES;
				GCC_WARN_64_TO_32_BIT_CONVERSION = YES;
				GCC_WARN_ABOUT_RETURN_TYPE = YES;
				GCC_WARN_UNINITIALIZED_AUTOS = YES;
				GCC_WARN_UNUSED_VARIABLE = YES;
				MACOSX_DEPLOYMENT_TARGET = 10.8;
				SDKROOT = macosx;
			};
			name = Release;
		};
		036325DF17CDA67D0032E2A7 /* Debug */ = {
			isa = XCBuildConfiguration;
			buildSettings = {
				GCC_PRECOMPILE_PREFIX_HEADER = YES;
				GCC_PREFIX_HEADER = "5.1CategoryDemo/5.1CategoryDemo-Prefix.pch";
				PRODUCT_NAME = "$(TARGET_NAME)";
			};
			name = Debug;
		};
		036325E017CDA67D0032E2A7 /* Release */ = {
			isa = XCBuildConfiguration;
			buildSettings = {
				GCC_PRECOMPILE_PREFIX_HEADER = YES;
				GCC_PREFIX_HEADER = "5.1CategoryDemo/5.1CategoryDemo-Prefix.pch";
				PRODUCT_NAME = "$(TARGET_NAME)";
			};
			name = Release;
		};
/* End XCBuildConfiguration section */

/* Begin XCConfigurationList section */
		036325CB17CDA67D0032E2A7 /* Build configuration list for PBXProject "5.1CategoryDemo" */ = {
			isa = XCConfigurationList;
			buildConfigurations = (
				036325DC17CDA67D0032E2A7 /* Debug */,
				036325DD17CDA67D0032E2A7 /* Release */,
			);
			defaultConfigurationIsVisible = 0;
			defaultConfigurationName = Release;
		};
		036325DE17CDA67D0032E2A7 /* Build configuration list for PBXNativeTarget "5.1CategoryDemo" */ = {
			isa = XCConfigurationList;
			buildConfigurations = (
				036325DF17CDA67D0032E2A7 /* Debug */,
				036325E017CDA67D0032E2A7 /* Release */,
			);
			defaultConfigurationIsVisible = 0;
		};
/* End XCConfigurationList section */
	};
	rootObject = 036325C817CDA67D0032E2A7 /* Project object */;
}
